
Microsoft Visual Studio Solution File, Format Version 12.00
# Visual Studio Version 17
VisualStudioVersion = 17.5.002.0
MinimumVisualStudioVersion = 10.0.40219.1
Project("{9A19103F-16F7-4668-BE54-9A1E7A4F7556}") = "DemoAPITest", "DemoAPITest.csproj", "{78928DFB-ED29-4476-8347-9EA82ABBB785}"
EndProject
Global
	GlobalSection(SolutionConfigurationPlatforms) = preSolution
		Debug|Any CPU = Debug|Any CPU
		Release|Any CPU = Release|Any CPU
	EndGlobalSection
	GlobalSection(ProjectConfigurationPlatforms) = postSolution
		{78928DFB-ED29-4476-8347-9EA82ABBB785}.Debug|Any CPU.ActiveCfg = Debug|Any CPU
		{78928DFB-ED29-4476-8347-9EA82ABBB785}.Debug|Any CPU.Build.0 = Debug|Any CPU
		{78928DFB-ED29-4476-8347-9EA82ABBB785}.Release|Any CPU.ActiveCfg = Release|Any CPU
		{78928DFB-ED29-4476-8347-9EA82ABBB785}.Release|Any CPU.Build.0 = Release|Any CPU
	EndGlobalSection
	GlobalSection(SolutionProperties) = preSolution
		HideSolutionNode = FALSE
	EndGlobalSection
	GlobalSection(ExtensibilityGlobals) = postSolution
		SolutionGuid = {E146BC71-F8D1-40C7-B198-A7553BE36404}
	EndGlobalSection
EndGlobal
